
Microsoft Visual Studio Solution File, Format Version 12.00
# Visual Studio 2015
Project("{FAE04EC0-301F-11D3-BF4B-00C04F79EFBC}") = "Server.CSharp", "Server.CSharp.csproj", "{1FB10D9C-4EE2-69A5-2C2E-BB388C449E38}"
EndProject
Project("{FAE04EC0-301F-11D3-BF4B-00C04F79EFBC}") = "Server.CSharp.Editor", "Server.CSharp.Editor.csproj", "{6CC4F33A-4361-9DFB-1197-AE1A7631C862}"
EndProject
Global
	GlobalSection(SolutionConfigurationPlatforms) = preSolution
		Debug|Any CPU = Debug|Any CPU
		Release|Any CPU = Release|Any CPU
	EndGlobalSection
	GlobalSection(ProjectConfigurationPlatforms) = postSolution
		{1FB10D9C-4EE2-69A5-2C2E-BB388C449E38}.Debug|Any CPU.ActiveCfg = Debug|Any CPU
		{1FB10D9C-4EE2-69A5-2C2E-BB388C449E38}.Debug|Any CPU.Build.0 = Debug|Any CPU
		{1FB10D9C-4EE2-69A5-2C2E-BB388C449E38}.Release|Any CPU.ActiveCfg = Release|Any CPU
		{1FB10D9C-4EE2-69A5-2C2E-BB388C449E38}.Release|Any CPU.Build.0 = Release|Any CPU
		{6CC4F33A-4361-9DFB-1197-AE1A7631C862}.Debug|Any CPU.ActiveCfg = Debug|Any CPU
		{6CC4F33A-4361-9DFB-1197-AE1A7631C862}.Debug|Any CPU.Build.0 = Debug|Any CPU
		{6CC4F33A-4361-9DFB-1197-AE1A7631C862}.Release|Any CPU.ActiveCfg = Release|Any CPU
		{6CC4F33A-4361-9DFB-1197-AE1A7631C862}.Release|Any CPU.Build.0 = Release|Any CPU
	EndGlobalSection
	GlobalSection(SolutionProperties) = preSolution
		HideSolutionNode = FALSE
	EndGlobalSection
EndGlobal
